
Microsoft Visual Studio Solution File, Format Version 12.00
# Visual Studio Version 17
VisualStudioVersion = 17.3.32804.467
MinimumVisualStudioVersion = 10.0.40219.1
Project("{9A19103F-16F7-4668-BE54-9A1E7A4F7556}") = "OData.Inspector", "OData.Inspector\OData.Inspector.csproj", "{232D6742-6679-44CC-9C0E-BA1C4296FF96}"
EndProject
Project("{9A19103F-16F7-4668-BE54-9A1E7A4F7556}") = "OData.Schema.Validation", "OData.Validation\OData.Schema.Validation.csproj", "{4547911B-D83C-42A3-B857-5F6660355C4E}"
EndProject
Global
	GlobalSection(SolutionConfigurationPlatforms) = preSolution
		Debug|Any CPU = Debug|Any CPU
		Release|Any CPU = Release|Any CPU
	EndGlobalSection
	GlobalSection(ProjectConfigurationPlatforms) = postSolution
		{232D6742-6679-44CC-9C0E-BA1C4296FF96}.Debug|Any CPU.ActiveCfg = Debug|Any CPU
		{232D6742-6679-44CC-9C0E-BA1C4296FF96}.Debug|Any CPU.Build.0 = Debug|Any CPU
		{232D6742-6679-44CC-9C0E-BA1C4296FF96}.Release|Any CPU.ActiveCfg = Release|Any CPU
		{232D6742-6679-44CC-9C0E-BA1C4296FF96}.Release|Any CPU.Build.0 = Release|Any CPU
		{4547911B-D83C-42A3-B857-5F6660355C4E}.Debug|Any CPU.ActiveCfg = Debug|Any CPU
		{4547911B-D83C-42A3-B857-5F6660355C4E}.Debug|Any CPU.Build.0 = Debug|Any CPU
		{4547911B-D83C-42A3-B857-5F6660355C4E}.Release|Any CPU.ActiveCfg = Release|Any CPU
		{4547911B-D83C-42A3-B857-5F6660355C4E}.Release|Any CPU.Build.0 = Release|Any CPU
	EndGlobalSection
	GlobalSection(SolutionProperties) = preSolution
		HideSolutionNode = FALSE
	EndGlobalSection
	GlobalSection(ExtensibilityGlobals) = postSolution
		SolutionGuid = {DD7716EC-6464-4FFB-837F-6E0390B1AC6A}
	EndGlobalSection
EndGlobal
